{
  "name": "nanoclawbster",
  "version": "1.1.2",
  "lockfileVersion": 3,
  "requires": true,
  "packages": {
    "": {
      "name": "nanoclawbster",
      "version": "1.1.2",
      "dependencies": {
        "@anthropic-ai/claude-agent-sdk": "^0.2.71",
        "better-sqlite3": "^11.8.1",
        "cron-parser": "^5.5.0",
        "discord.js": "^14.18.0",
        "pino": "^9.6.0",
        "pino-pretty": "^13.0.0",
        "ws": "^8.18.0",
        "yaml": "^2.8.2",
        "zod": "^4.3.6"
      },
      "devDependencies": {
        "@types/better-sqlite3": "^7.6.12",
        "@types/node": "^22.10.0",
        "@types/ws": "^8.5.13",
        "@vitest/coverage-v8": "^4.0.18",
        "prettier": "^3.8.1",
        "tsx": "^4.19.0",
        "typescript": "^5.7.0",
        "vitest": "^4.0.18"
      },
      "engines": {
        "node": ">=20"
      }
    },
    "node_modules/@anthropic-ai/claude-agent-sdk": {
      "version": "0.2.71",
      "resolved": "https://registry.npmjs.org/@anthropic-ai/claude-agent-sdk/-/claude-agent-sdk-0.2.71.tgz",
      "integrity": "sha512-pIsQJnM7Y+cJHL7aFY6SCCW3FIni218gVEpPqG8XGowfYxboFNBbNssWiUNRywthT8bp9jypcX7q5kx0Xsw14xg==",
      "license": "SEE LICENSE IN README.md",
      "engines": {
        "node": ">=18.0.0"
      },
      "optionalDependencies": {
        "@img/sharp-darwin-arm64": "^0.34.2",
        "@img/sharp-darwin-x64": "^0.34.2",
        "@img/sharp-linux-arm": "^0.34.2",
        "@img/sharp-linux-arm64": "^0.34.2",
        "@img/sharp-linux-x64": "^0.34.2",
        "@img/sharp-linuxmusl-arm64": "^0.34.2",
        "@img/sharp-linuxmusl-x64": "^0.34.2",
        "@img/sharp-win32-arm64": "^0.34.2",
        "@img/sharp-win32-x64": "^0.34.2"
      },
      "peerDependencies": {
        "zod": "^4.0.0"
      }
    },
    "node_modules/@anthropic-ai/claude-agent-sdk/node_modules/sdk": {
      "version": "6.9.0",
      "resolved": "https://registry.npmjs.org/@anthropic/sdk/-/sdk-6.9.0.tgz",
      "integrity": "sha512-f01aHWjsUkdREXzVZVAtycvcba/YZk77P3IW9G0o5VDbTNjg9f96XibQpM1K4IhACtInUNZM3/wWPm3YfBSuyQ==",
      "license": "MIT",
      "dependencies": {
        "@anthropic-ai/claude-agent-sdk": "^0.2.71",
        "dist-fetch": "^0.2.1",
        "jti": "^3.0.0",
        "node-fetch": "^3.3.2",
        "zod": "^4.3.6"
      }
    },
    "node_modules/@anthropic/sdk": {
      "version": "6.9.0",
      "resolved": "https://registry.npmjs.org/@anthropic/sdk/-/sdk-6.9.0.tgz",
      "integrity": "sha512-f01aHWjsUkdREXzVZVAtycvcba/YZk77P3IW9G0o5VDbTNjg9f96XibQpM1K4IhACtInUNZM3/wWPm3YfBSuyQ==",
      "license": "MIT",
      "dependencies": {
        "@anthropic-ai/claude-agent-sdk": "^0.2.71",
        "dist-fetch": "^0.2.1",
        "jti": "^3.0.0",
        "node-fetch": "^3.3.2",
        "zod": "^4.3.6"
      }
    },
    "node_modules/@anthropic/sdk/node_modules/tslib": {